
Microsoft Visual Studio Solution File, Format Version 12.00
# Visual Studio Version 16
VisualStudioVersion = 16.0.29728.190
MinimumVisualStudioVersion = 10.0.40219.1
Project("{FAE04EC0-301F-11D3-BF4B-00C04F79EFBC}") = "EcoSavingsMobileApps.Android", "EcoSavingsMobileApps\EcoSavingsMobileApps.Android\EcoSavingsMobileApps.Android.csproj", "{81D175F7-C997-44F8-B76E-AC498A4C18B6}"
EndProject
Project("{FAE04EC0-301F-11D3-BF4B-00C04F79EFBC}") = "EcoSavingsMobileApps.iOS", "EcoSavingsMobileApps\EcoSavingsMobileApps.iOS\EcoSavingsMobileApps.iOS.csproj", "{50DAD7DB-A1A0-47D7-819E-136682D7582B}"
EndProject
Project("{FAE04EC0-301F-11D3-BF4B-00C04F79EFBC}") = "EcoSavingsMobileApps", "EcoSavingsMobileApps\EcoSavingsMobileApps\EcoSavingsMobileApps.csproj", "{3F65EF23-20D1-48FC-97AE-1D2AFD4FE388}"
EndProject
Global
	GlobalSection(SolutionConfigurationPlatforms) = preSolution
		Debug|Any CPU = Debug|Any CPU
		Debug|iPhone = Debug|iPhone
		Debug|iPhoneSimulator = Debug|iPhoneSimulator
		Release|Any CPU = Release|Any CPU
		Release|iPhone = Release|iPhone
		Release|iPhoneSimulator = Release|iPhoneSimulator
	EndGlobalSection
	GlobalSection(ProjectConfigurationPlatforms) = postSolution
		{81D175F7-C997-44F8-B76E-AC498A4C18B6}.Debug|Any CPU.ActiveCfg = Debug|Any CPU
		{81D175F7-C997-44F8-B76E-AC498A4C18B6}.Debug|Any CPU.Build.0 = Debug|Any CPU
		{81D175F7-C997-44F8-B76E-AC498A4C18B6}.Debug|Any CPU.Deploy.0 = Debug|Any CPU
		{81D175F7-C997-44F8-B76E-AC498A4C18B6}.Debug|iPhone.ActiveCfg = Debug|Any CPU
		{81D175F7-C997-44F8-B76E-AC498A4C18B6}.Debug|iPhone.Build.0 = Debug|Any CPU
		{81D175F7-C997-44F8-B76E-AC498A4C18B6}.Debug|iPhone.Deploy.0 = Debug|Any CPU
		{81D175F7-C997-44F8-B76E-AC498A4C18B6}.Debug|iPhoneSimulator.ActiveCfg = Debug|Any CPU
		{81D175F7-C997-44F8-B76E-AC498A4C18B6}.Debug|iPhoneSimulator.Build.0 = Debug|Any CPU
		{81D175F7-C997-44F8-B76E-AC498A4C18B6}.Debug|iPhoneSimulator.Deploy.0 = Debug|Any CPU
		{81D175F7-C997-44F8-B76E-AC498A4C18B6}.Release|Any CPU.ActiveCfg = Release|Any CPU
		{81D175F7-C997-44F8-B76E-AC498A4C18B6}.Release|Any CPU.Build.0 = Release|Any CPU
		{81D175F7-C997-44F8-B76E-AC498A4C18B6}.Release|Any CPU.Deploy.0 = Release|Any CPU
		{81D175F7-C997-44F8-B76E-AC498A4C18B6}.Release|iPhone.ActiveCfg = Release|Any CPU
		{81D175F7-C997-44F8-B76E-AC498A4C18B6}.Release|iPhone.Build.0 = Release|Any CPU
		{81D175F7-C997-44F8-B76E-AC498A4C18B6}.Release|iPhone.Deploy.0 = Release|Any CPU
		{81D175F7-C997-44F8-B76E-AC498A4C18B6}.Release|iPhoneSimulator.ActiveCfg = Release|Any CPU
		{81D175F7-C997-44F8-B76E-AC498A4C18B6}.Release|iPhoneSimulator.Build.0 = Release|Any CPU
		{81D175F7-C997-44F8-B76E-AC498A4C18B6}.Release|iPhoneSimulator.Deploy.0 = Release|Any CPU
		{50DAD7DB-A1A0-47D7-819E-136682D7582B}.Debug|Any CPU.ActiveCfg = Debug|iPhoneSimulator
		{50DAD7DB-A1A0-47D7-819E-136682D7582B}.Debug|Any CPU.Build.0 = Debug|iPhoneSimulator
		{50DAD7DB-A1A0-47D7-819E-136682D7582B}.Debug|Any CPU.Deploy.0 = Debug|iPhoneSimulator
		{50DAD7DB-A1A0-47D7-819E-136682D7582B}.Debug|iPhone.ActiveCfg = Debug|iPhone
		{50DAD7DB-A1A0-47D7-819E-136682D7582B}.Debug|iPhone.Build.0 = Debug|iPhone
		{50DAD7DB-A1A0-47D7-819E-136682D7582B}.Debug|iPhone.Deploy.0 = Debug|iPhone
		{50DAD7DB-A1A0-47D7-819E-136682D7582B}.Debug|iPhoneSimulator.ActiveCfg = Debug|iPhoneSimulator
		{50DAD7DB-A1A0-47D7-819E-136682D7582B}.Debug|iPhoneSimulator.Build.0 = Debug|iPhoneSimulator
		{50DAD7DB-A1A0-47D7-819E-136682D7582B}.Debug|iPhoneSimulator.Deploy.0 = Debug|iPhoneSimulator
		{50DAD7DB-A1A0-47D7-819E-136682D7582B}.Release|Any CPU.ActiveCfg = Release|iPhone
		{50DAD7DB-A1A0-47D7-819E-136682D7582B}.Release|Any CPU.Build.0 = Release|iPhone
		{50DAD7DB-A1A0-47D7-819E-136682D7582B}.Release|Any CPU.Deploy.0 = Release|iPhone
		{50DAD7DB-A1A0-47D7-819E-136682D7582B}.Release|iPhone.ActiveCfg = Release|iPhone
		{50DAD7DB-A1A0-47D7-819E-136682D7582B}.Release|iPhone.Build.0 = Release|iPhone
		{50DAD7DB-A1A0-47D7-819E-136682D7582B}.Release|iPhone.Deploy.0 = Release|iPhone
		{50DAD7DB-A1A0-47D7-819E-136682D7582B}.Release|iPhoneSimulator.ActiveCfg = Release|iPhoneSimulator
		{50DAD7DB-A1A0-47D7-819E-136682D7582B}.Release|iPhoneSimulator.Build.0 = Release|iPhoneSimulator
		{50DAD7DB-A1A0-47D7-819E-136682D7582B}.Release|iPhoneSimulator.Deploy.0 = Release|iPhoneSimulator
		{3F65EF23-20D1-48FC-97AE-1D2AFD4FE388}.Debug|Any CPU.ActiveCfg = Debug|Any CPU
		{3F65EF23-20D1-48FC-97AE-1D2AFD4FE388}.Debug|Any CPU.Build.0 = Debug|Any CPU
		{3F65EF23-20D1-48FC-97AE-1D2AFD4FE388}.Debug|Any CPU.Deploy.0 = Debug|Any CPU
		{3F65EF23-20D1-48FC-97AE-1D2AFD4FE388}.Debug|iPhone.ActiveCfg = Debug|Any CPU
		{3F65EF23-20D1-48FC-97AE-1D2AFD4FE388}.Debug|iPhone.Build.0 = Debug|Any CPU
		{3F65EF23-20D1-48FC-97AE-1D2AFD4FE388}.Debug|iPhone.Deploy.0 = Debug|Any CPU
		{3F65EF23-20D1-48FC-97AE-1D2AFD4FE388}.Debug|iPhoneSimulator.ActiveCfg = Debug|Any CPU
		{3F65EF23-20D1-48FC-97AE-1D2AFD4FE388}.Debug|iPhoneSimulator.Build.0 = Debug|Any CPU
		{3F65EF23-20D1-48FC-97AE-1D2AFD4FE388}.Debug|iPhoneSimulator.Deploy.0 = Debug|Any CPU
		{3F65EF23-20D1-48FC-97AE-1D2AFD4FE388}.Release|Any CPU.ActiveCfg = Release|Any CPU
		{3F65EF23-20D1-48FC-97AE-1D2AFD4FE388}.Release|Any CPU.Build.0 = Release|Any CPU
		{3F65EF23-20D1-48FC-97AE-1D2AFD4FE388}.Release|Any CPU.Deploy.0 = Release|Any CPU
		{3F65EF23-20D1-48FC-97AE-1D2AFD4FE388}.Release|iPhone.ActiveCfg = Release|Any CPU
		{3F65EF23-20D1-48FC-97AE-1D2AFD4FE388}.Release|iPhone.Build.0 = Release|Any CPU
		{3F65EF23-20D1-48FC-97AE-1D2AFD4FE388}.Release|iPhone.Deploy.0 = Release|Any CPU
		{3F65EF23-20D1-48FC-97AE-1D2AFD4FE388}.Release|iPhoneSimulator.ActiveCfg = Release|Any CPU
		{3F65EF23-20D1-48FC-97AE-1D2AFD4FE388}.Release|iPhoneSimulator.Build.0 = Release|Any CPU
		{3F65EF23-20D1-48FC-97AE-1D2AFD4FE388}.Release|iPhoneSimulator.Deploy.0 = Release|Any CPU
	EndGlobalSection
	GlobalSection(SolutionProperties) = preSolution
		HideSolutionNode = FALSE
	EndGlobalSection
	GlobalSection(ExtensibilityGlobals) = postSolution
		SolutionGuid = {5D060FB9-01A1-434A-A5F6-F54F167B09D0}
	EndGlobalSection
EndGlobal
